
Microsoft Visual Studio Solution File, Format Version 12.00
# Visual Studio 15
VisualStudioVersion = 15.0.26430.16
MinimumVisualStudioVersion = 10.0.40219.1
Project("{FAE04EC0-301F-11D3-BF4B-00C04F79EFBC}") = "UserControl", "UserControl\UserControl.csproj", "{0DBD6207-745F-4C36-A0B3-DCD3D5CFC8F9}"
EndProject
Project("{FAE04EC0-301F-11D3-BF4B-00C04F79EFBC}") = "DemoMasterPage", "DemoMasterPage\DemoMasterPage.csproj", "{8A0956E4-D76A-4FCD-8EF4-1909E0F36CAC}"
EndProject
Global
	GlobalSection(SolutionConfigurationPlatforms) = preSolution
		Debug|Any CPU = Debug|Any CPU
		Release|Any CPU = Release|Any CPU
	EndGlobalSection
	GlobalSection(ProjectConfigurationPlatforms) = postSolution
		{0DBD6207-745F-4C36-A0B3-DCD3D5CFC8F9}.Debug|Any CPU.ActiveCfg = Debug|Any CPU
		{0DBD6207-745F-4C36-A0B3-DCD3D5CFC8F9}.Debug|Any CPU.Build.0 = Debug|Any CPU
		{0DBD6207-745F-4C36-A0B3-DCD3D5CFC8F9}.Release|Any CPU.ActiveCfg = Release|Any CPU
		{0DBD6207-745F-4C36-A0B3-DCD3D5CFC8F9}.Release|Any CPU.Build.0 = Release|Any CPU
		{8A0956E4-D76A-4FCD-8EF4-1909E0F36CAC}.Debug|Any CPU.ActiveCfg = Debug|Any CPU
		{8A0956E4-D76A-4FCD-8EF4-1909E0F36CAC}.Debug|Any CPU.Build.0 = Debug|Any CPU
		{8A0956E4-D76A-4FCD-8EF4-1909E0F36CAC}.Release|Any CPU.ActiveCfg = Release|Any CPU
		{8A0956E4-D76A-4FCD-8EF4-1909E0F36CAC}.Release|Any CPU.Build.0 = Release|Any CPU
	EndGlobalSection
	GlobalSection(SolutionProperties) = preSolution
		HideSolutionNode = FALSE
	EndGlobalSection
EndGlobal
